// !$*UTF8*$!
{
	archiveVersion = 1;
	classes = {
	};
	objectVersion = 51;
	objects = {

/* Begin PBXBuildFile section */
		C880E48B1D1B588D0083A8C9 /* AppDelegate.swift in Sources */ = {isa = PBXBuildFile; fileRef = C880E48A1D1B588D0083A8C9 /* AppDelegate.swift */; };
		C880E48D1D1B588D0083A8C9 /* Assets.xcassets in Resources */ = {isa = PBXBuildFile; fileRef = C880E48C1D1B588D0083A8C9 /* Assets.xcassets */; };
		C880E4901D1B588E0083A8C9 /* MainMenu.xib in Resources */ = {isa = PBXBuildFile; fileRef = C880E48E1D1B588E0083A8C9 /* MainMenu.xib */; };
		C8EB36991D1B613300BEB97F /* SPMediaKeyTap.m in Sources */ = {isa = PBXBuildFile; fileRef = C8EB36981D1B613300BEB97F /* SPMediaKeyTap.m */; };
/* End PBXBuildFile section */

/* Begin PBXFileReference section */
		C880E4871D1B588D0083A8C9 /* VolumeRelay.app */ = {isa = PBXFileReference; explicitFileType = wrapper.application; includeInIndex = 0; path = VolumeRelay.app; sourceTree = BUILT_PRODUCTS_DIR; };
		C880E48A1D1B588D0083A8C9 /* AppDelegate.swift */ = {isa = PBXFileReference; lastKnownFileType = sourcecode.swift; path = AppDelegate.swift; sourceTree = "<group>"; };
		C880E48C1D1B588D0083A8C9 /* Assets.xcassets */ = {isa = PBXFileReference; lastKnownFileType = folder.assetcatalog; path = Assets.xcassets; sourceTree = "<group>"; };
		C880E48F1D1B588E0083A8C9 /* Base */ = {isa = PBXFileReference; lastKnownFileType = file.xib; name = Base; path = Base.lproj/MainMenu.xib; sourceTree = "<group>"; };
		C880E4911D1B588E0083A8C9 /* Info.plist */ = {isa = PBXFileReference; lastKnownFileType = text.plist.xml; path = Info.plist; sourceTree = "<group>"; };
		C8EB36961D1B613300BEB97F /* VolumeRelay-Bridging-Header.h */ = {isa = PBXFileReference; lastKnownFileType = sourcecode.c.h; path = "VolumeRelay-Bridging-Header.h"; sourceTree = "<group>"; };
		C8EB36971D1B613300BEB97F /* SPMediaKeyTap.h */ = {isa = PBXFileReference; fileEncoding = 4; lastKnownFileType = sourcecode.c.h; name = SPMediaKeyTap.h; path = SPMediaKeyTap/SPMediaKeyTap.h; sourceTree = SOURCE_ROOT; };
		C8EB36981D1B613300BEB97F /* SPMediaKeyTap.m */ = {isa = PBXFileReference; fileEncoding = 4; lastKnownFileType = sourcecode.c.objc; name = SPMediaKeyTap.m; path = SPMediaKeyTap/SPMediaKeyTap.m; sourceTree = SOURCE_ROOT; };
/* End PBXFileReference section */

/* Begin PBXFrameworksBuildPhase section */
		C880E4841D1B588D0083A8C9 /* Frameworks */ = {
			isa = PBXFrameworksBuildPhase;
			buildActionMask = 2147483647;
			files = (
			);
			runOnlyForDeploymentPostprocessing = 0;
		};
/* End PBXFrameworksBuildPhase section */

/* Begin PBXGroup section */
		C880E47E1D1B588D0083A8C9 = {
			isa = PBXGroup;
			children = (
				C880E4891D1B588D0083A8C9 /* VolumeRelay */,
				C880E4881D1B588D0083A8C9 /* Products */,
			);
			sourceTree = "<group>";
		};
		C880E4881D1B588D0083A8C9 /* Products */ = {
			isa = PBXGroup;
			children = (
				C880E4871D1B588D0083A8C9 /* VolumeRelay.app */,
			);
			name = Products;
			sourceTree = "<group>";
		};
		C880E4891D1B588D0083A8C9 /* VolumeRelay */ = {
			isa = PBXGroup;
			children = (
				C8EB36951D1B611A00BEB97F /* SPMediaKeyTap */,
				C880E48A1D1B588D0083A8C9 /* AppDelegate.swift */,
				C880E48C1D1B588D0083A8C9 /* Assets.xcassets */,
				C880E48E1D1B588E0083A8C9 /* MainMenu.xib */,
				C880E4911D1B588E0083A8C9 /* Info.plist */,
			);
			path = VolumeRelay;
			sourceTree = "<group>";
		};
		C8EB36951D1B611A00BEB97F /* SPMediaKeyTap */ = {
			isa = PBXGroup;
			children = (
				C8EB36971D1B613300BEB97F /* SPMediaKeyTap.h */,
				C8EB36981D1B613300BEB97F /* SPMediaKeyTap.m */,
				C8EB36961D1B613300BEB97F /* VolumeRelay-Bridging-Header.h */,
			);
			name = SPMediaKeyTap;
			sourceTree = "<group>";
		};
/* End PBXGroup section */

/* Begin PBXNativeTarget section */
		C880E4861D1B588D0083A8C9 /* VolumeRelay */ = {
			isa = PBXNativeTarget;
			buildConfigurationList = C880E4941D1B588E0083A8C9 /* Build configuration list for PBXNativeTarget "VolumeRelay" */;
			buildPhases = (
				C880E4831D1B588D0083A8C9 /* Sources */,
				C880E4841D1B588D0083A8C9 /* Frameworks */,
				C880E4851D1B588D0083A8C9 /* Resources */,
			);
			buildRules = (
			);
			dependencies = (
			);
			name = VolumeRelay;
			productName = VolumeRelay;
			productReference = C880E4871D1B588D0083A8C9 /* VolumeRelay.app */;
			productType = "com.apple.product-type.application";
		};
/* End PBXNativeTarget section */

/* Begin PBXProject section */
		C880E47F1D1B588D0083A8C9 /* Project object */ = {
			isa = PBXProject;
			attributes = {
				LastSwiftUpdateCheck = 0710;
				LastUpgradeCheck = 1210;
				ORGANIZATIONNAME = "Martin Fritzsche";
				TargetAttributes = {
					C880E4861D1B588D0083A8C9 = {
						CreatedOnToolsVersion = 7.1;
					};
				};
			};
			buildConfigurationList = C880E4821D1B588D0083A8C9 /* Build configuration list for PBXProject "VolumeRelay" */;
			compatibilityVersion = "Xcode 10.0";
			developmentRegion = en;
			hasScannedForEncodings = 0;
			knownRegions = (
				en,
				Base,
			);
			mainGroup = C880E47E1D1B588D0083A8C9;
			productRefGroup = C880E4881D1B588D0083A8C9 /* Products */;
			projectDirPath = "";
			projectRoot = "";
			targets = (
				C880E4861D1B588D0083A8C9 /* VolumeRelay */,
			);
		};
/* End PBXProject section */

/* Begin PBXResourcesBuildPhase section */
		C880E4851D1B588D0083A8C9 /* Resources */ = {
			isa = PBXResourcesBuildPhase;
			buildActionMask = 2147483647;
			files = (
				C880E48D1D1B588D0083A8C9 /* Assets.xcassets in Resources */,
				C880E4901D1B588E0083A8C9 /* MainMenu.xib in Resources */,
			);
			runOnlyForDeploymentPostprocessing = 0;
		};
/* End PBXResourcesBuildPhase section */

/* Begin PBXSourcesBuildPhase section */
		C880E4831D1B588D0083A8C9 /* Sources */ = {
			isa = PBXSourcesBuildPhase;
			buildActionMask = 2147483647;
			files = (
				C880E48B1D1B588D0083A8C9 /* AppDelegate.swift in Sources */,
				C8EB36991D1B613300BEB97F /* SPMediaKeyTap.m in Sources */,
			);
			runOnlyForDeploymentPostprocessing = 0;
		};
/* End PBXSourcesBuildPhase section */

/* Begin PBXVariantGroup section */
		C880E48E1D1B588E0083A8C9 /* MainMenu.xib */ = {
			isa = PBXVariantGroup;
			children = (
				C880E48F1D1B588E0083A8C9 /* Base */,
			);
			name = MainMenu.xib;
			sourceTree = "<group>";
		};
/* End PBXVariantGroup section */

/* Begin XCBuildConfiguration section */
		C880E4921D1B588E0083A8C9 /* Debug */ = {
			isa = XCBuildConfiguration;
			buildSettings = {
				ALWAYS_SEARCH_USER_PATHS = NO;
				CLANG_ANALYZER_LOCALIZABILITY_NONLOCALIZED = YES;
				CLANG_CXX_LANGUAGE_STANDARD = "gnu++0x";
				CLANG_CXX_LIBRARY = "libc++";
				CLANG_ENABLE_MODULES = YES;
				CLANG_ENABLE_OBJC_ARC = YES;
				CLANG_WARN_BLOCK_CAPTURE_AUTORELEASING = YES;
				CLANG_WARN_BOOL_CONVERSION = YES;
				CLANG_WARN_COMMA = YES;
				CLANG_WARN_CONSTANT_CONVERSION = YES;
				CLANG_WARN_DEPRECATED_OBJC_IMPLEMENTATIONS = YES;
				CLANG_WARN_DIRECT_OBJC_ISA_USAGE = YES_ERROR;
				CLANG_WARN_EMPTY_BODY = YES;
				CLANG_WARN_ENUM_CONVERSION = YES;
				CLANG_WARN_INFINITE_RECURSION = YES;
				CLANG_WARN_INT_CONVERSION = YES;
				CLANG_WARN_NON_LITERAL_NULL_CONVERSION = YES;
				CLANG_WARN_OBJC_IMPLICIT_RETAIN_SELF = YES;
				CLANG_WARN_OBJC_LITERAL_CONVERSION = YES;
				CLANG_WARN_OBJC_ROOT_CLASS = YES_ERROR;
				CLANG_WARN_QUOTED_INCLUDE_IN_FRAMEWORK_HEADER = YES;
				CLANG_WARN_RANGE_LOOP_ANALYSIS = YES;
				CLANG_WARN_STRICT_PROTOTYPES = YES;
				CLANG_WARN_SUSPICIOUS_MOVE = YES;
				CLANG_WARN_UNREACHABLE_CODE = YES;
				CLANG_WARN__DUPLICATE_METHOD_MATCH = YES;
				CODE_SIGN_IDENTITY = "-";
				COPY_PHASE_STRIP = NO;
				DEBUG_INFORMATION_FORMAT = dwarf;
				ENABLE_STRICT_OBJC_MSGSEND = YES;
				ENABLE_TESTABILITY = YES;
				GCC_C_LANGUAGE_STANDARD = gnu99;
				GCC_DYNAMIC_NO_PIC = NO;
				GCC_NO_COMMON_BLOCKS = YES;
				GCC_OPTIMIZATION_LEVEL = 0;
				GCC_PREPROCESSOR_DEFINITIONS = (
					"DEBUG=1",
					"$(inherited)",
				);
				GCC_WARN_64_TO_32_BIT_CONVERSION = YES;
				GCC_WARN_ABOUT_RETURN_TYPE = YES_ERROR;
				GCC_WARN_UNDECLARED_SELECTOR = YES;
				GCC_WARN_UNINITIALIZED_AUTOS = YES_AGGRESSIVE;
				GCC_WARN_UNUSED_FUNCTION = YES;
				GCC_WARN_UNUSED_VARIABLE = YES;
				MACOSX_DEPLOYMENT_TARGET = 10.11;
				MTL_ENABLE_DEBUG_INFO = YES;
				ONLY_ACTIVE_ARCH = YES;
				SDKROOT = macosx;
				SWIFT_OPTIMIZATION_LEVEL = "-Onone";
			};
			name = Debug;
		};
		C880E4931D1B588E0083A8C9 /* Release */ = {
			isa = XCBuildConfiguration;
			buildSettings = {
				ALWAYS_SEARCH_USER_PATHS = NO;
				CLANG_ANALYZER_LOCALIZABILITY_NONLOCALIZED = YES;
				CLANG_CXX_LANGUAGE_STANDARD = "gnu++0x";
				CLANG_CXX_LIBRARY = "libc++";
				CLANG_ENABLE_MODULES = YES;
				CLANG_ENABLE_OBJC_ARC = YES;
				CLANG_WARN_BLOCK_CAPTURE_AUTORELEASING = YES;
				CLANG_WARN_BOOL_CONVERSION = YES;
				CLANG_WARN_COMMA = YES;
				CLANG_WARN_CONSTANT_CONVERSION = YES;
				CLANG_WARN_DEPRECATED_OBJC_IMPLEMENTATIONS = YES;
				CLANG_WARN_DIRECT_OBJC_ISA_USAGE = YES_ERROR;
				CLANG_WARN_EMPTY_BODY = YES;
				CLANG_WARN_ENUM_CONVERSION = YES;
				CLANG_WARN_INFINITE_RECURSION = YES;
				CLANG_WARN_INT_CONVERSION = YES;
				CLANG_WARN_NON_LITERAL_NULL_CONVERSION = YES;
				CLANG_WARN_OBJC_IMPLICIT_RETAIN_SELF = YES;
				CLANG_WARN_OBJC_LITERAL_CONVERSION = YES;
				CLANG_WARN_OBJC_ROOT_CLASS = YES_ERROR;
				CLANG_WARN_QUOTED_INCLUDE_IN_FRAMEWORK_HEADER = YES;
				CLANG_WARN_RANGE_LOOP_ANALYSIS = YES;
				CLANG_WARN_STRICT_PROTOTYPES = YES;
				CLANG_WARN_SUSPICIOUS_MOVE = YES;
				CLANG_WARN_UNREACHABLE_CODE = YES;
				CLANG_WARN__DUPLICATE_METHOD_MATCH = YES;
				CODE_SIGN_IDENTITY = "-";
				COPY_PHASE_STRIP = NO;
				DEBUG_INFORMATION_FORMAT = "dwarf-with-dsym";
				ENABLE_NS_ASSERTIONS = NO;
				ENABLE_STRICT_OBJC_MSGSEND = YES;
				GCC_C_LANGUAGE_STANDARD = gnu99;
				GCC_NO_COMMON_BLOCKS = YES;
				GCC_WARN_64_TO_32_BIT_CONVERSION = YES;
				GCC_WARN_ABOUT_RETURN_TYPE = YES_ERROR;
				GCC_WARN_UNDECLARED_SELECTOR = YES;
				GCC_WARN_UNINITIALIZED_AUTOS = YES_AGGRESSIVE;
				GCC_WARN_UNUSED_FUNCTION = YES;
				GCC_WARN_UNUSED_VARIABLE = YES;
				MACOSX_DEPLOYMENT_TARGET = 10.11;
				MTL_ENABLE_DEBUG_INFO = NO;
				SDKROOT = macosx;
				SWIFT_COMPILATION_MODE = wholemodule;
			};
			name = Release;
		};
		C880E4951D1B588E0083A8C9 /* Debug */ = {
			isa = XCBuildConfiguration;
			buildSettings = {
				ASSETCATALOG_COMPILER_APPICON_NAME = AppIcon;
				CLANG_ENABLE_MODULES = YES;
				CODE_SIGN_IDENTITY = "Apple Development";
				CODE_SIGN_STYLE = Automatic;
				COMBINE_HIDPI_IMAGES = YES;
				DEVELOPMENT_TEAM = 2W5FFJ2T2K;
				INFOPLIST_FILE = VolumeRelay/Info.plist;
				LD_RUNPATH_SEARCH_PATHS = (
					"$(inherited)",
					"@executable_path/../Frameworks",
				);
				PRODUCT_BUNDLE_IDENTIFIER = com.martinfritzsche.VolumeRelay;
				PRODUCT_NAME = "$(TARGET_NAME)";
				PROVISIONING_PROFILE_SPECIFIER = "";
				SWIFT_OBJC_BRIDGING_HEADER = "VolumeRelay/VolumeRelay-Bridging-Header.h";
				SWIFT_OPTIMIZATION_LEVEL = "-Onone";
				SWIFT_VERSION = 4.0;
			};
			name = Debug;
		};
		C880E4961D1B588E0083A8C9 /* Release */ = {
			isa = XCBuildConfiguration;
			buildSettings = {
				ASSETCATALOG_COMPILER_APPICON_NAME = AppIcon;
				CLANG_ENABLE_MODULES = YES;
				CODE_SIGN_IDENTITY = "Apple Development";
				CODE_SIGN_STYLE = Automatic;
				COMBINE_HIDPI_IMAGES = YES;
				DEVELOPMENT_TEAM = 2W5FFJ2T2K;
				INFOPLIST_FILE = VolumeRelay/Info.plist;
				LD_RUNPATH_SEARCH_PATHS = (
					"$(inherited)",
					"@executable_path/../Frameworks",
				);
				PRODUCT_BUNDLE_IDENTIFIER = com.martinfritzsche.VolumeRelay;
				PRODUCT_NAME = "$(TARGET_NAME)";
				PROVISIONING_PROFILE_SPECIFIER = "";
				SWIFT_OBJC_BRIDGING_HEADER = "VolumeRelay/VolumeRelay-Bridging-Header.h";
				SWIFT_VERSION = 4.0;
			};
			name = Release;
		};
/* End XCBuildConfiguration section */

/* Begin XCConfigurationList section */
		C880E4821D1B588D0083A8C9 /* Build configuration list for PBXProject "VolumeRelay" */ = {
			isa = XCConfigurationList;
			buildConfigurations = (
				C880E4921D1B588E0083A8C9 /* Debug */,
				C880E4931D1B588E0083A8C9 /* Release */,
			);
			defaultConfigurationIsVisible = 0;
			defaultConfigurationName = Release;
		};
		C880E4941D1B588E0083A8C9 /* Build configuration list for PBXNativeTarget "VolumeRelay" */ = {
			isa = XCConfigurationList;
			buildConfigurations = (
				C880E4951D1B588E0083A8C9 /* Debug */,
				C880E4961D1B588E0083A8C9 /* Release */,
			);
			defaultConfigurationIsVisible = 0;
			defaultConfigurationName = Release;
		};
/* End XCConfigurationList section */
	};
	rootObject = C880E47F1D1B588D0083A8C9 /* Project object */;
}
